Microsoft Visual Studio Solution File, Format Version 12.00
# Visual Studio Version 17
VisualStudioVersion = 17.5.2.0
MinimumVisualStudioVersion = 10.0.40219.1
Project("{2150E333-8FDC-42A3-9474-1A3956D46DE8}") = "src", "src", "{827E0CD3-B72D-47B6-A68D-7590B98EB39B}"
EndProject
Project("{FAE04EC0-301F-11D3-BF4B-00C04F79EFBC}") = "CmdrsChronicle.Cli", "src\CmdrsChronicle.Cli\CmdrsChronicle.Cli.csproj", "{AC5EAC94-9684-15A3-0F29-640357034F3B}"
EndProject
Project("{FAE04EC0-301F-11D3-BF4B-00C04F79EFBC}") = "CmdrsChronicle.Core", "src\CmdrsChronicle.Core\CmdrsChronicle.Core.csproj", "{A1519CDF-21BE-25EB-E041-3A488CF3C8FD}"
EndProject
Project("{FAE04EC0-301F-11D3-BF4B-00C04F79EFBC}") = "CmdrsChronicle.Infographics", "src\CmdrsChronicle.Infographics\CmdrsChronicle.Infographics.csproj", "{99ACF9E9-3E9F-690B-F883-0256A6B20C40}"
EndProject
Project("{FAE04EC0-301F-11D3-BF4B-00C04F79EFBC}") = "CmdrsChronicle.Tests", "src\CmdrsChronicle.Tests\CmdrsChronicle.Tests.csproj", "{302AEE11-979D-C258-385B-764E22BE1D2B}"
EndProject
Project("{FAE04EC0-301F-11D3-BF4B-00C04F79EFBC}") = "Installer", "Installer\Installer.csproj", "{A498EE36-9FA0-69F8-153D-A7A470740FEB}"
EndProject
Project("{FAE04EC0-301F-11D3-BF4B-00C04F79EFBC}") = "CmdrsChronicle.SchemaGen", "src\CmdrsChronicle.SchemaGen\CmdrsChronicle.SchemaGen.csproj", "{1B8712EB-AC17-4D2D-B018-343BD02FE381}"
EndProject
Global
    GlobalSection(SolutionConfigurationPlatforms) = preSolution
        Debug|Any CPU = Debug|Any CPU
        Release|Any CPU = Release|Any CPU
    EndGlobalSection
    GlobalSection(ProjectConfigurationPlatforms) = postSolution
        {AC5EAC94-9684-15A3-0F29-640357034F3B}.Debug|Any CPU.ActiveCfg = Debug|Any CPU
        {AC5EAC94-9684-15A3-0F29-640357034F3B}.Debug|Any CPU.Build.0 = Debug|Any CPU
        {AC5EAC94-9684-15A3-0F29-640357034F3B}.Release|Any CPU.ActiveCfg = Release|Any CPU
        {AC5EAC94-9684-15A3-0F29-640357034F3B}.Release|Any CPU.Build.0 = Release|Any CPU
        {A1519CDF-21BE-25EB-E041-3A488CF3C8FD}.Debug|Any CPU.ActiveCfg = Debug|Any CPU
        {A1519CDF-21BE-25EB-E041-3A488CF3C8FD}.Debug|Any CPU.Build.0 = Debug|Any CPU
        {A1519CDF-21BE-25EB-E041-3A488CF3C8FD}.Release|Any CPU.ActiveCfg = Release|Any CPU
        {A1519CDF-21BE-25EB-E041-3A488CF3C8FD}.Release|Any CPU.Build.0 = Release|Any CPU
        {99ACF9E9-3E9F-690B-F883-0256A6B20C40}.Debug|Any CPU.ActiveCfg = Debug|Any CPU
        {99ACF9E9-3E9F-690B-F883-0256A6B20C40}.Debug|Any CPU.Build.0 = Debug|Any CPU
        {99ACF9E9-3E9F-690B-F883-0256A6B20C40}.Release|Any CPU.ActiveCfg = Release|Any CPU
        {99ACF9E9-3E9F-690B-F883-0256A6B20C40}.Release|Any CPU.Build.0 = Release|Any CPU
        {302AEE11-979D-C258-385B-764E22BE1D2B}.Debug|Any CPU.ActiveCfg = Debug|Any CPU
        {302AEE11-979D-C258-385B-764E22BE1D2B}.Debug|Any CPU.Build.0 = Debug|Any CPU
        {302AEE11-979D-C258-385B-764E22BE1D2B}.Release|Any CPU.ActiveCfg = Release|Any CPU
        {302AEE11-979D-C258-385B-764E22BE1D2B}.Release|Any CPU.Build.0 = Release|Any CPU
        {A498EE36-9FA0-69F8-153D-A7A470740FEB}.Debug|Any CPU.ActiveCfg = Debug|Any CPU
        {A498EE36-9FA0-69F8-153D-A7A470740FEB}.Debug|Any CPU.Build.0 = Debug|Any CPU
        {A498EE36-9FA0-69F8-153D-A7A470740FEB}.Release|Any CPU.ActiveCfg = Release|Any CPU
        {A498EE36-9FA0-69F8-153D-A7A470740FEB}.Release|Any CPU.Build.0 = Release|Any CPU
        {1B8712EB-AC17-4D2D-B018-343BD02FE381}.Debug|Any CPU.ActiveCfg = Debug|Any CPU
        {1B8712EB-AC17-4D2D-B018-343BD02FE381}.Debug|Any CPU.Build.0 = Debug|Any CPU
        {1B8712EB-AC17-4D2D-B018-343BD02FE381}.Release|Any CPU.ActiveCfg = Release|Any CPU
        {1B8712EB-AC17-4D2D-B018-343BD02FE381}.Release|Any CPU.Build.0 = Release|Any CPU
    EndGlobalSection
    GlobalSection(SolutionProperties) = preSolution
        HideSolutionNode = FALSE
    EndGlobalSection
    GlobalSection(NestedProjects) = preSolution
        {AC5EAC94-9684-15A3-0F29-640357034F3B} = {827E0CD3-B72D-47B6-A68D-7590B98EB39B}
        {A1519CDF-21BE-25EB-E041-3A488CF3C8FD} = {827E0CD3-B72D-47B6-A68D-7590B98EB39B}
        {99ACF9E9-3E9F-690B-F883-0256A6B20C40} = {827E0CD3-B72D-47B6-A68D-7590B98EB39B}
        {302AEE11-979D-C258-385B-764E22BE1D2B} = {827E0CD3-B72D-47B6-A68D-7590B98EB39B}
        {A498EE36-9FA0-69F8-153D-A7A470740FEB} = {827E0CD3-B72D-47B6-A68D-7590B98EB39B}
        {1B8712EB-AC17-4D2D-B018-343BD02FE381} = {827E0CD3-B72D-47B6-A68D-7590B98EB39B}
    EndGlobalSection
    GlobalSection(ExtensibilityGlobals) = postSolution
        SolutionGuid = {AAB27C85-9E98-4853-9498-FCFD5CAA9AB8}
    EndGlobalSection
EndGlobal
